{
    "_meta": {
        "hash": {
            "sha256": "24195c1fc7432ae0ac501596d557cdbdcbd2a03080118a6fe74dd5001cc7a5d9"
        },
        "pipfile-spec": 6,
        "requires": {
            "python_version": "3.8"
        },
        "sources": [
            {
                "name": "pypi",
                "url": "https://pypi.python.org/simple",
                "verify_ssl": true
            }
        ]
    },
    "default": {},
    "develop": {}
}
